
Microsoft Visual Studio Solution File, Format Version 12.00
# Visual Studio Version 17
VisualStudioVersion = 17.2.32516.85
MinimumVisualStudioVersion = 10.0.40219.1
Project("{FAE04EC0-301F-11D3-BF4B-00C04F79EFBC}") = "UltimateRoleCreator", "UltimateRoleCreator\UltimateRoleCreator.csproj", "{65F27CCC-8E88-412D-8569-8EA8155191BE}"
EndProject
Global
	GlobalSection(SolutionConfigurationPlatforms) = preSolution
		Debug|Any CPU = Debug|Any CPU
		Release|Any CPU = Release|Any CPU
	EndGlobalSection
	GlobalSection(ProjectConfigurationPlatforms) = postSolution
		{65F27CCC-8E88-412D-8569-8EA8155191BE}.Debug|Any CPU.ActiveCfg = Debug|Any CPU
		{65F27CCC-8E88-412D-8569-8EA8155191BE}.Debug|Any CPU.Build.0 = Debug|Any CPU
		{65F27CCC-8E88-412D-8569-8EA8155191BE}.Release|Any CPU.ActiveCfg = Release|Any CPU
		{65F27CCC-8E88-412D-8569-8EA8155191BE}.Release|Any CPU.Build.0 = Release|Any CPU
	EndGlobalSection
	GlobalSection(SolutionProperties) = preSolution
		HideSolutionNode = FALSE
	EndGlobalSection
	GlobalSection(ExtensibilityGlobals) = postSolution
		SolutionGuid = {3F88D97B-F6EA-4898-B479-9CC2AE0B8B72}
	EndGlobalSection
EndGlobal
